<?xml version="1.0" encoding="UTF-8"?>
<CONFIG>
  <ProjectOptions>
    <Version Value="10"/>
    <General>
      <Flags>
        <MainUnitHasUsesSectionForAllUnits Value="False"/>
        <MainUnitHasCreateFormStatements Value="False"/>
        <MainUnitHasTitleStatement Value="False"/>
        <LRSInOutputDirectory Value="False"/>
      </Flags>
      <SessionStorage Value="InIDEConfig"/>
      <MainUnit Value="0"/>
      <Title Value="NHWT"/>
    </General>
    <i18n>
      <EnableI18N Value="True"/>
      <OutDir Value="i18n"/>
    </i18n>
    <VersionInfo>
      <UseVersionInfo Value="True"/>
      <AutoIncrementBuild Value="True"/>
      <RevisionNr Value="7"/>
      <BuildNr Value="2512"/>
      <Language Value=""/>
      <CharSet Value=""/>
      <StringTable ProductVersion=""/>
    </VersionInfo>
    <BuildModes Count="1">
      <Item1 Name="default" Default="True"/>
    </BuildModes>
    <PublishOptions>
      <Version Value="2"/>
      <IgnoreBinaries Value="False"/>
      <IncludeFileFilter Value="*.(pas|pp|inc|lfm|lpr|lrs|lpi|lpk|sh|xml)"/>
      <ExcludeFileFilter Value="*.(bak|ppu|ppw|o|so);*~;backup"/>
    </PublishOptions>
    <RunParams>
      <local>
        <FormatVersion Value="1"/>
        <LaunchingApplication PathPlusParams="/usr/bin/xterm -T 'Lazarus Run Output' -e $(LazarusDir)/tools/runwait.sh $(TargetCmdLine)"/>
      </local>
    </RunParams>
    <RequiredPackages Count="4">
      <Item1>
        <PackageName Value="LCLBase"/>
      </Item1>
      <Item2>
        <PackageName Value="LazUtils"/>
      </Item2>
      <Item3>
        <PackageName Value="castle_window"/>
      </Item3>
      <Item4>
        <PackageName Value="castle_base"/>
      </Item4>
    </RequiredPackages>
    <Units Count="26">
      <Unit0>
        <Filename Value="NHWT.lpr"/>
        <IsPartOfProject Value="True"/>
      </Unit0>
      <Unit1>
        <Filename Value="Source/untConsole.pas"/>
        <IsPartOfProject Value="True"/>
        <ComponentName Value="frmCon"/>
        <HasResources Value="True"/>
        <ResourceBaseClass Value="Form"/>
      </Unit1>
      <Unit2>
        <Filename Value="Source/untGUI.pas"/>
        <IsPartOfProject Value="True"/>
      </Unit2>
      <Unit3>
        <Filename Value="Source/untGame.pas"/>
        <IsPartOfProject Value="True"/>
      </Unit3>
      <Unit4>
        <Filename Value="Source/untWorld.pas"/>
        <IsPartOfProject Value="True"/>
      </Unit4>
      <Unit5>
        <Filename Value="Source/untUtils.pas"/>
        <IsPartOfProject Value="True"/>
      </Unit5>
      <Unit6>
        <Filename Value="Source/untGameMenu.pas"/>
        <IsPartOfProject Value="True"/>
      </Unit6>
      <Unit7>
        <Filename Value="Source/untGameEditor.pas"/>
        <IsPartOfProject Value="True"/>
      </Unit7>
      <Unit8>
        <Filename Value="Source/untGameCreate.pas"/>
        <IsPartOfProject Value="True"/>
      </Unit8>
      <Unit9>
        <Filename Value="Source/untTCharacter.pas"/>
        <IsPartOfProject Value="True"/>
      </Unit9>
      <Unit10>
        <Filename Value="Source/untTItem.pas"/>
        <IsPartOfProject Value="True"/>
      </Unit10>
      <Unit11>
        <Filename Value="Source/untTLandscape.pas"/>
        <IsPartOfProject Value="True"/>
      </Unit11>
      <Unit12>
        <Filename Value="Source/untSerialize.pas"/>
        <IsPartOfProject Value="True"/>
      </Unit12>
      <Unit13>
        <Filename Value="Source/untLog.pas"/>
        <IsPartOfProject Value="True"/>
      </Unit13>
      <Unit14>
        <Filename Value="Source/untActorBase.pas"/>
        <IsPartOfProject Value="True"/>
      </Unit14>
      <Unit15>
        <Filename Value="Source/untTAction.pas"/>
        <IsPartOfProject Value="True"/>
      </Unit15>
      <Unit16>
        <Filename Value="Source/untMonster_GiAnt.pas"/>
        <IsPartOfProject Value="True"/>
      </Unit16>
      <Unit17>
        <Filename Value="Source/untTInfluence.pas"/>
        <IsPartOfProject Value="True"/>
      </Unit17>
      <Unit18>
        <Filename Value="Source/untAI.pas"/>
        <IsPartOfProject Value="True"/>
      </Unit18>
      <Unit19>
        <Filename Value="Source/untWounds.pas"/>
        <IsPartOfProject Value="True"/>
      </Unit19>
      <Unit20>
        <Filename Value="Source/untSpeak.pas"/>
        <IsPartOfProject Value="True"/>
      </Unit20>
      <Unit21>
        <Filename Value="Source/untscreensfx.pas"/>
        <IsPartOfProject Value="True"/>
        <UnitName Value="untScreenSFX"/>
      </Unit21>
      <Unit22>
        <Filename Value="Source/untmaps.pas"/>
        <IsPartOfProject Value="True"/>
        <UnitName Value="untMaps"/>
      </Unit22>
      <Unit23>
        <Filename Value="Source/unttscreen.pas"/>
        <IsPartOfProject Value="True"/>
        <UnitName Value="untTScreen"/>
      </Unit23>
      <Unit24>
        <Filename Value="Source/castletexturefont_pxplusamstradpc15122y_20.pas"/>
        <IsPartOfProject Value="True"/>
        <UnitName Value="CastleTextureFont_PxPlusAmstradPC15122y_20"/>
      </Unit24>
      <Unit25>
        <Filename Value="Source/untActorBaseConst.pas"/>
        <IsPartOfProject Value="True"/>
      </Unit25>
    </Units>
  </ProjectOptions>
  <CompilerOptions>
    <Version Value="11"/>
    <Target>
      <Filename Value="NHWT"/>
    </Target>
    <SearchPaths>
      <OtherUnitFiles Value="Source"/>
      <UnitOutputDirectory Value="Units"/>
    </SearchPaths>
    <CodeGeneration>
      <Optimizations>
        <OptimizationLevel Value="0"/>
      </Optimizations>
    </CodeGeneration>
    <Other>
      <Verbosity>
        <ShowHints Value="False"/>
      </Verbosity>
      <CustomOptions Value="-CF64"/>
    </Other>
  </CompilerOptions>
  <Debugging>
    <Exceptions Count="6">
      <Item1>
        <Name Value="ECodetoolError"/>
      </Item1>
      <Item2>
        <Name Value="EFOpenError"/>
      </Item2>
      <Item3>
        <Name Value="BreakFirstViewpointFound"/>
      </Item3>
      <Item4>
        <Name Value="BreakIsNodePresent"/>
      </Item4>
      <Item5>
        <Name Value="EConvertError"/>
      </Item5>
      <Item6>
        <Name Value="EAbort"/>
      </Item6>
    </Exceptions>
  </Debugging>
</CONFIG>
